
Microsoft Visual Studio Solution File, Format Version 12.00
# Visual Studio Version 17
VisualStudioVersion = 17.11.35327.3
MinimumVisualStudioVersion = 10.0.40219.1
Project("{FAE04EC0-301F-11D3-BF4B-00C04F79EFBC}") = "TechnicoRMP", "TechnicoRMP\TechnicoRMP.csproj", "{5C4460AF-D0E9-4F13-98E9-857A422FF05F}"
EndProject
Global
	GlobalSection(SolutionConfigurationPlatforms) = preSolution
		Debug|Any CPU = Debug|Any CPU
		Release|Any CPU = Release|Any CPU
	EndGlobalSection
	GlobalSection(ProjectConfigurationPlatforms) = postSolution
		{5C4460AF-D0E9-4F13-98E9-857A422FF05F}.Debug|Any CPU.ActiveCfg = Debug|Any CPU
		{5C4460AF-D0E9-4F13-98E9-857A422FF05F}.Debug|Any CPU.Build.0 = Debug|Any CPU
		{5C4460AF-D0E9-4F13-98E9-857A422FF05F}.Release|Any CPU.ActiveCfg = Release|Any CPU
		{5C4460AF-D0E9-4F13-98E9-857A422FF05F}.Release|Any CPU.Build.0 = Release|Any CPU
	EndGlobalSection
	GlobalSection(SolutionProperties) = preSolution
		HideSolutionNode = FALSE
	EndGlobalSection
	GlobalSection(ExtensibilityGlobals) = postSolution
		SolutionGuid = {DABB2670-4A1A-45F1-9668-AECC7A02E19B}
	EndGlobalSection
EndGlobal
